
Microsoft Visual Studio Solution File, Format Version 12.00
# Visual Studio Version 17
VisualStudioVersion = 17.14.36109.1
MinimumVisualStudioVersion = 10.0.40219.1
Project("{FAE04EC0-301F-11D3-BF4B-00C04F79EFBC}") = "ConsciousCanna.Core", "ConsciousCanna.Core\ConsciousCanna.Core.csproj", "{D5832CDF-81D1-456A-B980-B58B464E764D}"
EndProject
Project("{FAE04EC0-301F-11D3-BF4B-00C04F79EFBC}") = "ConsciousCanna.Blazor.Client", "ConsciousCanna.Blazor\ConsciousCanna.Blazor.Client\ConsciousCanna.Blazor.Client.csproj", "{D97FA4BF-23BD-AFD4-D64F-2BE41A8D3E34}"
EndProject
Project("{FAE04EC0-301F-11D3-BF4B-00C04F79EFBC}") = "ConsciousCanna.Blazor", "ConsciousCanna.Blazor\ConsciousCanna.Blazor\ConsciousCanna.Blazor.csproj", "{94F34855-8834-7738-379C-A9FE4A0855E0}"
EndProject
Global
	GlobalSection(SolutionConfigurationPlatforms) = preSolution
		Debug|Any CPU = Debug|Any CPU
		Release|Any CPU = Release|Any CPU
	EndGlobalSection
	GlobalSection(ProjectConfigurationPlatforms) = postSolution
		{D5832CDF-81D1-456A-B980-B58B464E764D}.Debug|Any CPU.ActiveCfg = Debug|Any CPU
		{D5832CDF-81D1-456A-B980-B58B464E764D}.Debug|Any CPU.Build.0 = Debug|Any CPU
		{D5832CDF-81D1-456A-B980-B58B464E764D}.Release|Any CPU.ActiveCfg = Release|Any CPU
		{D5832CDF-81D1-456A-B980-B58B464E764D}.Release|Any CPU.Build.0 = Release|Any CPU
		{D97FA4BF-23BD-AFD4-D64F-2BE41A8D3E34}.Debug|Any CPU.ActiveCfg = Debug|Any CPU
		{D97FA4BF-23BD-AFD4-D64F-2BE41A8D3E34}.Debug|Any CPU.Build.0 = Debug|Any CPU
		{D97FA4BF-23BD-AFD4-D64F-2BE41A8D3E34}.Release|Any CPU.ActiveCfg = Release|Any CPU
		{D97FA4BF-23BD-AFD4-D64F-2BE41A8D3E34}.Release|Any CPU.Build.0 = Release|Any CPU
		{94F34855-8834-7738-379C-A9FE4A0855E0}.Debug|Any CPU.ActiveCfg = Debug|Any CPU
		{94F34855-8834-7738-379C-A9FE4A0855E0}.Debug|Any CPU.Build.0 = Debug|Any CPU
		{94F34855-8834-7738-379C-A9FE4A0855E0}.Release|Any CPU.ActiveCfg = Release|Any CPU
		{94F34855-8834-7738-379C-A9FE4A0855E0}.Release|Any CPU.Build.0 = Release|Any CPU
	EndGlobalSection
	GlobalSection(SolutionProperties) = preSolution
		HideSolutionNode = FALSE
	EndGlobalSection
	GlobalSection(ExtensibilityGlobals) = postSolution
		SolutionGuid = {69FA0199-AA04-4143-9EED-1F143722A8C0}
	EndGlobalSection
EndGlobal
